
Microsoft Visual Studio Solution File, Format Version 12.00
# Visual Studio 15
VisualStudioVersion = 15.0.27004.2009
MinimumVisualStudioVersion = 10.0.40219.1
Project("{FAE04EC0-301F-11D3-BF4B-00C04F79EFBC}") = "BookShop", "BookShop\BookShop.csproj", "{7D7D7073-E8A2-4F71-B3D7-20D32BFD2964}"
EndProject
Project("{FAE04EC0-301F-11D3-BF4B-00C04F79EFBC}") = "BookShop.UnitTests", "BookShop.UnitTests\BookShop.UnitTests.csproj", "{6EEDC608-F1EE-4F61-A806-ADD5D2375558}"
EndProject
Project("{FAE04EC0-301F-11D3-BF4B-00C04F79EFBC}") = "BookShop.AcceptanceTests", "BookShop.AcceptanceTests\BookShop.AcceptanceTests.csproj", "{5BDC6F2F-D216-4A6F-8689-ECFD6A251938}"
EndProject
Project("{FAE04EC0-301F-11D3-BF4B-00C04F79EFBC}") = "BookShop.AcceptanceTests.Common", "BookShop.AcceptanceTests.Common\BookShop.AcceptanceTests.Common.csproj", "{496D8F12-3D95-46C0-A0AB-692897711C95}"
EndProject
Project("{FAE04EC0-301F-11D3-BF4B-00C04F79EFBC}") = "BookShop.UITests.Selenium", "BookShop.UITests.Selenium\BookShop.UITests.Selenium.csproj", "{330C8CFC-4552-4E94-A7B8-54BEDCB6C6AE}"
EndProject
Global
	GlobalSection(SolutionConfigurationPlatforms) = preSolution
		Debug|Any CPU = Debug|Any CPU
		Release|Any CPU = Release|Any CPU
	EndGlobalSection
	GlobalSection(ProjectConfigurationPlatforms) = postSolution
		{7D7D7073-E8A2-4F71-B3D7-20D32BFD2964}.Debug|Any CPU.ActiveCfg = Debug|Any CPU
		{7D7D7073-E8A2-4F71-B3D7-20D32BFD2964}.Debug|Any CPU.Build.0 = Debug|Any CPU
		{7D7D7073-E8A2-4F71-B3D7-20D32BFD2964}.Release|Any CPU.ActiveCfg = Release|Any CPU
		{7D7D7073-E8A2-4F71-B3D7-20D32BFD2964}.Release|Any CPU.Build.0 = Release|Any CPU
		{6EEDC608-F1EE-4F61-A806-ADD5D2375558}.Debug|Any CPU.ActiveCfg = Debug|Any CPU
		{6EEDC608-F1EE-4F61-A806-ADD5D2375558}.Debug|Any CPU.Build.0 = Debug|Any CPU
		{6EEDC608-F1EE-4F61-A806-ADD5D2375558}.Release|Any CPU.ActiveCfg = Release|Any CPU
		{6EEDC608-F1EE-4F61-A806-ADD5D2375558}.Release|Any CPU.Build.0 = Release|Any CPU
		{5BDC6F2F-D216-4A6F-8689-ECFD6A251938}.Debug|Any CPU.ActiveCfg = Debug|Any CPU
		{5BDC6F2F-D216-4A6F-8689-ECFD6A251938}.Debug|Any CPU.Build.0 = Debug|Any CPU
		{5BDC6F2F-D216-4A6F-8689-ECFD6A251938}.Release|Any CPU.ActiveCfg = Release|Any CPU
		{5BDC6F2F-D216-4A6F-8689-ECFD6A251938}.Release|Any CPU.Build.0 = Release|Any CPU
		{496D8F12-3D95-46C0-A0AB-692897711C95}.Debug|Any CPU.ActiveCfg = Debug|Any CPU
		{496D8F12-3D95-46C0-A0AB-692897711C95}.Debug|Any CPU.Build.0 = Debug|Any CPU
		{496D8F12-3D95-46C0-A0AB-692897711C95}.Release|Any CPU.ActiveCfg = Release|Any CPU
		{496D8F12-3D95-46C0-A0AB-692897711C95}.Release|Any CPU.Build.0 = Release|Any CPU
		{330C8CFC-4552-4E94-A7B8-54BEDCB6C6AE}.Debug|Any CPU.ActiveCfg = Debug|Any CPU
		{330C8CFC-4552-4E94-A7B8-54BEDCB6C6AE}.Debug|Any CPU.Build.0 = Debug|Any CPU
		{330C8CFC-4552-4E94-A7B8-54BEDCB6C6AE}.Release|Any CPU.ActiveCfg = Release|Any CPU
		{330C8CFC-4552-4E94-A7B8-54BEDCB6C6AE}.Release|Any CPU.Build.0 = Release|Any CPU
	EndGlobalSection
	GlobalSection(SolutionProperties) = preSolution
		HideSolutionNode = FALSE
	EndGlobalSection
	GlobalSection(ExtensibilityGlobals) = postSolution
		SolutionGuid = {5E3D994F-6DD9-4FE9-B9DC-E2BBBB464393}
	EndGlobalSection
EndGlobal
